
Microsoft Visual Studio Solution File, Format Version 12.00
# Visual Studio Version 17
Project("{8BC9CEB8-8B4A-11D0-8D11-00A0C91BC942}") = "SliceEditor", "SliceEditor\SliceEditor.vcxproj", "{3C806808-A835-E1FD-312A-DBD49DDED701}"
EndProject
Project("{8BC9CEB8-8B4A-11D0-8D11-00A0C91BC942}") = "SliceEngine", "SliceEngine\SliceEngine.vcxproj", "{8B2D1C09-F7E2-94FE-80D7-8ED5EC8B8B02}"
EndProject
Global
	GlobalSection(SolutionConfigurationPlatforms) = preSolution
		EditorDebug|x64 = EditorDebug|x64
		EditorRelease|x64 = EditorRelease|x64
	EndGlobalSection
	GlobalSection(ProjectConfigurationPlatforms) = postSolution
		{3C806808-A835-E1FD-312A-DBD49DDED701}.EditorDebug|x64.ActiveCfg = EditorDebug|x64
		{3C806808-A835-E1FD-312A-DBD49DDED701}.EditorDebug|x64.Build.0 = EditorDebug|x64
		{3C806808-A835-E1FD-312A-DBD49DDED701}.EditorRelease|x64.ActiveCfg = EditorRelease|x64
		{3C806808-A835-E1FD-312A-DBD49DDED701}.EditorRelease|x64.Build.0 = EditorRelease|x64
		{8B2D1C09-F7E2-94FE-80D7-8ED5EC8B8B02}.EditorDebug|x64.ActiveCfg = EditorDebug|x64
		{8B2D1C09-F7E2-94FE-80D7-8ED5EC8B8B02}.EditorDebug|x64.Build.0 = EditorDebug|x64
		{8B2D1C09-F7E2-94FE-80D7-8ED5EC8B8B02}.EditorRelease|x64.ActiveCfg = EditorRelease|x64
		{8B2D1C09-F7E2-94FE-80D7-8ED5EC8B8B02}.EditorRelease|x64.Build.0 = EditorRelease|x64
	EndGlobalSection
	GlobalSection(SolutionProperties) = preSolution
		HideSolutionNode = FALSE
	EndGlobalSection
EndGlobal
